
Microsoft Visual Studio Solution File, Format Version 12.00
# Visual Studio Version 17
VisualStudioVersion = 17.9.34622.214
MinimumVisualStudioVersion = 10.0.40219.1
Project("{FAE04EC0-301F-11D3-BF4B-00C04F79EFBC}") = "FirstProject", "FirstProject\FirstProject.csproj", "{BE61FB16-9D06-4C6F-8D2B-715643AA8F2A}"
EndProject
Global
	GlobalSection(SolutionConfigurationPlatforms) = preSolution
		Debug|Any CPU = Debug|Any CPU
		Release|Any CPU = Release|Any CPU
	EndGlobalSection
	GlobalSection(ProjectConfigurationPlatforms) = postSolution
		{BE61FB16-9D06-4C6F-8D2B-715643AA8F2A}.Debug|Any CPU.ActiveCfg = Debug|Any CPU
		{BE61FB16-9D06-4C6F-8D2B-715643AA8F2A}.Debug|Any CPU.Build.0 = Debug|Any CPU
		{BE61FB16-9D06-4C6F-8D2B-715643AA8F2A}.Release|Any CPU.ActiveCfg = Release|Any CPU
		{BE61FB16-9D06-4C6F-8D2B-715643AA8F2A}.Release|Any CPU.Build.0 = Release|Any CPU
	EndGlobalSection
	GlobalSection(SolutionProperties) = preSolution
		HideSolutionNode = FALSE
	EndGlobalSection
	GlobalSection(ExtensibilityGlobals) = postSolution
		SolutionGuid = {3623D603-8F8A-4540-8FAE-5467E98B18CA}
	EndGlobalSection
EndGlobal
