
Microsoft Visual Studio Solution File, Format Version 12.00
# Visual Studio Version 17
VisualStudioVersion = 17.9.34622.214
MinimumVisualStudioVersion = 10.0.40219.1
Project("{FAE04EC0-301F-11D3-BF4B-00C04F79EFBC}") = "Login Auth", "Login Auth\Login Auth.csproj", "{274378E1-03EF-40A5-AE3B-805E41895860}"
EndProject
Global
	GlobalSection(SolutionConfigurationPlatforms) = preSolution
		Debug|Any CPU = Debug|Any CPU
		Release|Any CPU = Release|Any CPU
	EndGlobalSection
	GlobalSection(ProjectConfigurationPlatforms) = postSolution
		{274378E1-03EF-40A5-AE3B-805E41895860}.Debug|Any CPU.ActiveCfg = Debug|Any CPU
		{274378E1-03EF-40A5-AE3B-805E41895860}.Debug|Any CPU.Build.0 = Debug|Any CPU
		{274378E1-03EF-40A5-AE3B-805E41895860}.Release|Any CPU.ActiveCfg = Release|Any CPU
		{274378E1-03EF-40A5-AE3B-805E41895860}.Release|Any CPU.Build.0 = Release|Any CPU
	EndGlobalSection
	GlobalSection(SolutionProperties) = preSolution
		HideSolutionNode = FALSE
	EndGlobalSection
	GlobalSection(ExtensibilityGlobals) = postSolution
		SolutionGuid = {ABCC6C7C-7A08-4C63-A7A1-9FBECA9F4753}
	EndGlobalSection
EndGlobal
