
Microsoft Visual Studio Solution File, Format Version 12.00
# Visual Studio Version 17
VisualStudioVersion = 17.9.34622.214
MinimumVisualStudioVersion = 10.0.40219.1
Project("{FAE04EC0-301F-11D3-BF4B-00C04F79EFBC}") = "WebApplication1", "WebApplication1\WebApplication1.csproj", "{A958874E-01C6-4933-8629-7B71EC518497}"
EndProject
Global
	GlobalSection(SolutionConfigurationPlatforms) = preSolution
		Debug|Any CPU = Debug|Any CPU
		Release|Any CPU = Release|Any CPU
	EndGlobalSection
	GlobalSection(ProjectConfigurationPlatforms) = postSolution
		{A958874E-01C6-4933-8629-7B71EC518497}.Debug|Any CPU.ActiveCfg = Debug|Any CPU
		{A958874E-01C6-4933-8629-7B71EC518497}.Debug|Any CPU.Build.0 = Debug|Any CPU
		{A958874E-01C6-4933-8629-7B71EC518497}.Release|Any CPU.ActiveCfg = Release|Any CPU
		{A958874E-01C6-4933-8629-7B71EC518497}.Release|Any CPU.Build.0 = Release|Any CPU
	EndGlobalSection
	GlobalSection(SolutionProperties) = preSolution
		HideSolutionNode = FALSE
	EndGlobalSection
	GlobalSection(ExtensibilityGlobals) = postSolution
		SolutionGuid = {F0C5ED2E-56FC-4028-A90A-381F64A2BF27}
	EndGlobalSection
EndGlobal
