
Microsoft Visual Studio Solution File, Format Version 12.00
# Visual Studio Version 17
VisualStudioVersion = 17.9.34622.214
MinimumVisualStudioVersion = 10.0.40219.1
Project("{FAE04EC0-301F-11D3-BF4B-00C04F79EFBC}") = "OOP", "OOP\OOP.csproj", "{5014EDC0-FFFD-494D-A7C2-D02AF0A88EFB}"
EndProject
Global
	GlobalSection(SolutionConfigurationPlatforms) = preSolution
		Debug|Any CPU = Debug|Any CPU
		Release|Any CPU = Release|Any CPU
	EndGlobalSection
	GlobalSection(ProjectConfigurationPlatforms) = postSolution
		{5014EDC0-FFFD-494D-A7C2-D02AF0A88EFB}.Debug|Any CPU.ActiveCfg = Debug|Any CPU
		{5014EDC0-FFFD-494D-A7C2-D02AF0A88EFB}.Debug|Any CPU.Build.0 = Debug|Any CPU
		{5014EDC0-FFFD-494D-A7C2-D02AF0A88EFB}.Release|Any CPU.ActiveCfg = Release|Any CPU
		{5014EDC0-FFFD-494D-A7C2-D02AF0A88EFB}.Release|Any CPU.Build.0 = Release|Any CPU
	EndGlobalSection
	GlobalSection(SolutionProperties) = preSolution
		HideSolutionNode = FALSE
	EndGlobalSection
	GlobalSection(ExtensibilityGlobals) = postSolution
		SolutionGuid = {41D2B6BB-D78B-4BFC-82B0-197631C1337D}
	EndGlobalSection
EndGlobal
