
Microsoft Visual Studio Solution File, Format Version 12.00
# Visual Studio Version 17
VisualStudioVersion = 17.9.34622.214
MinimumVisualStudioVersion = 10.0.40219.1
Project("{FAE04EC0-301F-11D3-BF4B-00C04F79EFBC}") = "Calculator", "Calculator\Calculator.csproj", "{871ABBC3-A66B-4AF9-BE1E-E90F046AE463}"
EndProject
Global
	GlobalSection(SolutionConfigurationPlatforms) = preSolution
		Debug|Any CPU = Debug|Any CPU
		Release|Any CPU = Release|Any CPU
	EndGlobalSection
	GlobalSection(ProjectConfigurationPlatforms) = postSolution
		{871ABBC3-A66B-4AF9-BE1E-E90F046AE463}.Debug|Any CPU.ActiveCfg = Debug|Any CPU
		{871ABBC3-A66B-4AF9-BE1E-E90F046AE463}.Debug|Any CPU.Build.0 = Debug|Any CPU
		{871ABBC3-A66B-4AF9-BE1E-E90F046AE463}.Release|Any CPU.ActiveCfg = Release|Any CPU
		{871ABBC3-A66B-4AF9-BE1E-E90F046AE463}.Release|Any CPU.Build.0 = Release|Any CPU
	EndGlobalSection
	GlobalSection(SolutionProperties) = preSolution
		HideSolutionNode = FALSE
	EndGlobalSection
	GlobalSection(ExtensibilityGlobals) = postSolution
		SolutionGuid = {3C8D1F04-B45B-4721-ADA5-D8C7C531A3D7}
	EndGlobalSection
EndGlobal
