
Microsoft Visual Studio Solution File, Format Version 12.00
# Visual Studio Version 17
VisualStudioVersion = 17.9.34622.214
MinimumVisualStudioVersion = 10.0.40219.1
Project("{FAE04EC0-301F-11D3-BF4B-00C04F79EFBC}") = "NestedForLoop", "NestedForLoop\NestedForLoop.csproj", "{79A5E0DA-A192-454B-86D8-5D77CE452A6A}"
EndProject
Global
	GlobalSection(SolutionConfigurationPlatforms) = preSolution
		Debug|Any CPU = Debug|Any CPU
		Release|Any CPU = Release|Any CPU
	EndGlobalSection
	GlobalSection(ProjectConfigurationPlatforms) = postSolution
		{79A5E0DA-A192-454B-86D8-5D77CE452A6A}.Debug|Any CPU.ActiveCfg = Debug|Any CPU
		{79A5E0DA-A192-454B-86D8-5D77CE452A6A}.Debug|Any CPU.Build.0 = Debug|Any CPU
		{79A5E0DA-A192-454B-86D8-5D77CE452A6A}.Release|Any CPU.ActiveCfg = Release|Any CPU
		{79A5E0DA-A192-454B-86D8-5D77CE452A6A}.Release|Any CPU.Build.0 = Release|Any CPU
	EndGlobalSection
	GlobalSection(SolutionProperties) = preSolution
		HideSolutionNode = FALSE
	EndGlobalSection
	GlobalSection(ExtensibilityGlobals) = postSolution
		SolutionGuid = {500A6E98-F21A-4409-98C9-8D6592FFE2A4}
	EndGlobalSection
EndGlobal
