
Microsoft Visual Studio Solution File, Format Version 12.00
# Visual Studio Version 17
VisualStudioVersion = 17.9.34622.214
MinimumVisualStudioVersion = 10.0.40219.1
Project("{FAE04EC0-301F-11D3-BF4B-00C04F79EFBC}") = "DoWhileTest", "DoWhileTest\DoWhileTest.csproj", "{28E59E30-0A01-41BB-9E3E-422ED3B6A71B}"
EndProject
Global
	GlobalSection(SolutionConfigurationPlatforms) = preSolution
		Debug|Any CPU = Debug|Any CPU
		Release|Any CPU = Release|Any CPU
	EndGlobalSection
	GlobalSection(ProjectConfigurationPlatforms) = postSolution
		{28E59E30-0A01-41BB-9E3E-422ED3B6A71B}.Debug|Any CPU.ActiveCfg = Debug|Any CPU
		{28E59E30-0A01-41BB-9E3E-422ED3B6A71B}.Debug|Any CPU.Build.0 = Debug|Any CPU
		{28E59E30-0A01-41BB-9E3E-422ED3B6A71B}.Release|Any CPU.ActiveCfg = Release|Any CPU
		{28E59E30-0A01-41BB-9E3E-422ED3B6A71B}.Release|Any CPU.Build.0 = Release|Any CPU
	EndGlobalSection
	GlobalSection(SolutionProperties) = preSolution
		HideSolutionNode = FALSE
	EndGlobalSection
	GlobalSection(ExtensibilityGlobals) = postSolution
		SolutionGuid = {FD774D38-4957-42F6-A93F-DE949E94C9DC}
	EndGlobalSection
EndGlobal
